{
    "_readme": [
        "This file locks the dependencies of your project to a known state",
        "Read more about it at https://getcomposer.org/doc/01-basic-usage.md#installing-dependencies",
        "This file is @generated automatically"
    ],
    "content-hash": "815c1544cdb5b68c44b5382bb977da8e",
    "packages": [
        {
            "name": "baremetalphp/framework",
            "version": "v0.1.5",
            "source": {
                "type": "git",
                "url": "https://github.com/baremetalphp/framework.git",
                "reference": "89002361d03a9e0c80bb598f1d9f38ad679739e6"
            },
            "dist": {
                "type": "zip",
                "url": "https://api.github.com/repos/baremetalphp/framework/zipball/89002361d03a9e0c80bb598f1d9f38ad679739e6",
                "reference": "89002361d03a9e0c80bb598f1d9f38ad679739e6",
                "shasum": ""
            },
            "require": {
                "php": ">=8.2"
            },
            "require-dev": {
                "phpunit/phpunit": "^12.5"
            },
            "bin": [
                "mini"
            ],
            "type": "library",
            "extra": {
                "branch-alias": {
                    "dev-main": "1.0-dev"
                }
            },
            "autoload": {
                "files": [
                    "src/Support/helpers.php"
                ],
                "psr-4": {
                    "BareMetalPHP\\": "src/"
                }
            },
            "notification-url": "https://packagist.org/downloads/",
            "license": [
                "MIT"
            ],
            "authors": [
                {
                    "name": "Elliot Anderson",
                    "email": "elliot.anderson43@gmail.com"
                }
            ],
            "description": "A lightweight, educational PHP framework with service container, routing, ORM, and more",
            "keywords": [
                "framework",
                "mvc",
                "orm",
                "php",
                "routing"
            ],
            "support": {
                "issues": "https://github.com/baremetalphp/framework/issues",
                "source": "https://github.com/baremetalphp/framework/tree/v0.1.5"
            },
            "time": "2025-12-08T18:10:04+00:00"
        }
    ],
    "packages-dev": [],
    "aliases": [],
    "minimum-stability": "dev",
    "stability-flags": {
        "baremetalphp/framework": 20
    },
    "prefer-stable": true,
    "prefer-lowest": false,
    "platform": {
        "php": ">=8.0"
    },
    "platform-dev": {},
    "plugin-api-version": "2.6.0"
}
